
Microsoft Visual Studio Solution File, Format Version 12.00
# Visual Studio Version 17
VisualStudioVersion = 17.7.34024.191
MinimumVisualStudioVersion = 10.0.40219.1
Project("{FAE04EC0-301F-11D3-BF4B-00C04F79EFBC}") = "GJBooking", "GJBooking.csproj", "{05C1B30C-5256-4FAC-B314-21166F3449E8}"
EndProject
Global
	GlobalSection(SolutionConfigurationPlatforms) = preSolution
		Debug|Any CPU = Debug|Any CPU
		Release|Any CPU = Release|Any CPU
	EndGlobalSection
	GlobalSection(ProjectConfigurationPlatforms) = postSolution
		{05C1B30C-5256-4FAC-B314-21166F3449E8}.Debug|Any CPU.ActiveCfg = Debug|Any CPU
		{05C1B30C-5256-4FAC-B314-21166F3449E8}.Debug|Any CPU.Build.0 = Debug|Any CPU
		{05C1B30C-5256-4FAC-B314-21166F3449E8}.Release|Any CPU.ActiveCfg = Release|Any CPU
		{05C1B30C-5256-4FAC-B314-21166F3449E8}.Release|Any CPU.Build.0 = Release|Any CPU
	EndGlobalSection
	GlobalSection(SolutionProperties) = preSolution
		HideSolutionNode = FALSE
	EndGlobalSection
	GlobalSection(ExtensibilityGlobals) = postSolution
		SolutionGuid = {59F64BE8-8269-4B2D-B51A-7C89373B2F85}
	EndGlobalSection
EndGlobal
